// !$*UTF8*$!
{
	archiveVersion = 1;
	classes = {
	};
	objectVersion = 50;
	objects = {

/* Begin PBXBuildFile section */
		3F95BBE221D6FDD300E70141 /* Global Elements.swift in Sources */ = {isa = PBXBuildFile; fileRef = 3F95BBE121D6FDD300E70141 /* Global Elements.swift */; };
		3FF3CCDE211F585F0032FD8D /* AppDelegate.swift in Sources */ = {isa = PBXBuildFile; fileRef = 3FF3CCDD211F585F0032FD8D /* AppDelegate.swift */; };
		3FF3CCE0211F585F0032FD8D /* GameScene.sks in Resources */ = {isa = PBXBuildFile; fileRef = 3FF3CCDF211F585F0032FD8D /* GameScene.sks */; };
		3FF3CCE4211F585F0032FD8D /* GameScene.swift in Sources */ = {isa = PBXBuildFile; fileRef = 3FF3CCE3211F585F0032FD8D /* GameScene.swift */; };
		3FF3CCE6211F585F0032FD8D /* GameViewController.swift in Sources */ = {isa = PBXBuildFile; fileRef = 3FF3CCE5211F585F0032FD8D /* GameViewController.swift */; };
		3FF3CCE9211F585F0032FD8D /* Main.storyboard in Resources */ = {isa = PBXBuildFile; fileRef = 3FF3CCE7211F585F0032FD8D /* Main.storyboard */; };
		3FF3CCEB211F58610032FD8D /* Assets.xcassets in Resources */ = {isa = PBXBuildFile; fileRef = 3FF3CCEA211F58610032FD8D /* Assets.xcassets */; };
		3FF3CCEE211F58610032FD8D /* LaunchScreen.storyboard in Resources */ = {isa = PBXBuildFile; fileRef = 3FF3CCEC211F58610032FD8D /* LaunchScreen.storyboard */; };
		3FF3CCF8211F59750032FD8D /* GoogleService-Info.plist in Resources */ = {isa = PBXBuildFile; fileRef = 3FF3CCF7211F59750032FD8D /* GoogleService-Info.plist */; };
		CFCF0C3AA9A9FD82A6FF94F3 /* Pods_Dodge_io.framework in Frameworks */ = {isa = PBXBuildFile; fileRef = 1708ADA7CFF8BA73EB451363 /* Pods_Dodge_io.framework */; };
/* End PBXBuildFile section */

/* Begin PBXFileReference section */
		1708ADA7CFF8BA73EB451363 /* Pods_Dodge_io.framework */ = {isa = PBXFileReference; explicitFileType = wrapper.framework; includeInIndex = 0; path = Pods_Dodge_io.framework; sourceTree = BUILT_PRODUCTS_DIR; };
		229B84B93296A52EF005BD6D /* Pods-Dodge.io.debug.xcconfig */ = {isa = PBXFileReference; includeInIndex = 1; lastKnownFileType = text.xcconfig; name = "Pods-Dodge.io.debug.xcconfig"; path = "Pods/Target Support Files/Pods-Dodge.io/Pods-Dodge.io.debug.xcconfig"; sourceTree = "<group>"; };
		3F95BBE121D6FDD300E70141 /* Global Elements.swift */ = {isa = PBXFileReference; lastKnownFileType = sourcecode.swift; path = "Global Elements.swift"; sourceTree = "<group>"; };
		3FF3CCDA211F585F0032FD8D /* Dodge.io.app */ = {isa = PBXFileReference; explicitFileType = wrapper.application; includeInIndex = 0; path = Dodge.io.app; sourceTree = BUILT_PRODUCTS_DIR; };
		3FF3CCDD211F585F0032FD8D /* AppDelegate.swift */ = {isa = PBXFileReference; lastKnownFileType = sourcecode.swift; path = AppDelegate.swift; sourceTree = "<group>"; };
		3FF3CCDF211F585F0032FD8D /* GameScene.sks */ = {isa = PBXFileReference; lastKnownFileType = file.sks; path = GameScene.sks; sourceTree = "<group>"; };
		3FF3CCE3211F585F0032FD8D /* GameScene.swift */ = {isa = PBXFileReference; lastKnownFileType = sourcecode.swift; path = GameScene.swift; sourceTree = "<group>"; usesTabs = 1; };
		3FF3CCE5211F585F0032FD8D /* GameViewController.swift */ = {isa = PBXFileReference; lastKnownFileType = sourcecode.swift; path = GameViewController.swift; sourceTree = "<group>"; };
		3FF3CCE8211F585F0032FD8D /* Base */ = {isa = PBXFileReference; lastKnownFileType = file.storyboard; name = Base; path = Base.lproj/Main.storyboard; sourceTree = "<group>"; };
		3FF3CCEA211F58610032FD8D /* Assets.xcassets */ = {isa = PBXFileReference; lastKnownFileType = folder.assetcatalog; path = Assets.xcassets; sourceTree = "<group>"; };
		3FF3CCED211F58610032FD8D /* Base */ = {isa = PBXFileReference; lastKnownFileType = file.storyboard; name = Base; path = Base.lproj/LaunchScreen.storyboard; sourceTree = "<group>"; };
		3FF3CCEF211F58610032FD8D /* Info.plist */ = {isa = PBXFileReference; lastKnownFileType = text.plist.xml; path = Info.plist; sourceTree = "<group>"; };
		3FF3CCF7211F59750032FD8D /* GoogleService-Info.plist */ = {isa = PBXFileReference; fileEncoding = 4; lastKnownFileType = text.plist.xml; path = "GoogleService-Info.plist"; sourceTree = "<group>"; };
		A83DC314DF02A02F854E7EC1 /* Pods-Dodge.io.release.xcconfig */ = {isa = PBXFileReference; includeInIndex = 1; lastKnownFileType = text.xcconfig; name = "Pods-Dodge.io.release.xcconfig"; path = "Pods/Target Support Files/Pods-Dodge.io/Pods-Dodge.io.release.xcconfig"; sourceTree = "<group>"; };
/* End PBXFileReference section */

/* Begin PBXFrameworksBuildPhase section */
		3FF3CCD7211F585F0032FD8D /* Frameworks */ = {
			isa = PBXFrameworksBuildPhase;
			buildActionMask = 2147483647;
			files = (
				CFCF0C3AA9A9FD82A6FF94F3 /* Pods_Dodge_io.framework in Frameworks */,
			);
			runOnlyForDeploymentPostprocessing = 0;
		};
/* End PBXFrameworksBuildPhase section */

/* Begin PBXGroup section */
		3FF3CCD1211F585F0032FD8D = {
			isa = PBXGroup;
			children = (
				3FF3CCDC211F585F0032FD8D /* Dodge.io */,
				3FF3CCDB211F585F0032FD8D /* Products */,
				D8723FFD712A0D255EF739C0 /* Pods */,
				58FB1EFD5336EDC63E803D52 /* Frameworks */,
			);
			sourceTree = "<group>";
		};
		3FF3CCDB211F585F0032FD8D /* Products */ = {
			isa = PBXGroup;
			children = (
				3FF3CCDA211F585F0032FD8D /* Dodge.io.app */,
			);
			name = Products;
			sourceTree = "<group>";
		};
		3FF3CCDC211F585F0032FD8D /* Dodge.io */ = {
			isa = PBXGroup;
			children = (
				3FF3CCDD211F585F0032FD8D /* AppDelegate.swift */,
				3FF3CCDF211F585F0032FD8D /* GameScene.sks */,
				3FF3CCE3211F585F0032FD8D /* GameScene.swift */,
				3FF3CCE5211F585F0032FD8D /* GameViewController.swift */,
				3F95BBE121D6FDD300E70141 /* Global Elements.swift */,
				3FF3CCE7211F585F0032FD8D /* Main.storyboard */,
				3FF3CCEA211F58610032FD8D /* Assets.xcassets */,
				3FF3CCEC211F58610032FD8D /* LaunchScreen.storyboard */,
				3FF3CCEF211F58610032FD8D /* Info.plist */,
				3FF3CCF7211F59750032FD8D /* GoogleService-Info.plist */,
			);
			path = Dodge.io;
			sourceTree = "<group>";
		};
		58FB1EFD5336EDC63E803D52 /* Frameworks */ = {
			isa = PBXGroup;
			children = (
				1708ADA7CFF8BA73EB451363 /* Pods_Dodge_io.framework */,
			);
			name = Frameworks;
			sourceTree = "<group>";
		};
		D8723FFD712A0D255EF739C0 /* Pods */ = {
			isa = PBXGroup;
			children = (
				229B84B93296A52EF005BD6D /* Pods-Dodge.io.debug.xcconfig */,
				A83DC314DF02A02F854E7EC1 /* Pods-Dodge.io.release.xcconfig */,
			);
			name = Pods;
			sourceTree = "<group>";
		};
/* End PBXGroup section */

/* Begin PBXNativeTarget section */
		3FF3CCD9211F585F0032FD8D /* Dodge.io */ = {
			isa = PBXNativeTarget;
			buildConfigurationList = 3FF3CCF2211F58610032FD8D /* Build configuration list for PBXNativeTarget "Dodge.io" */;
			buildPhases = (
				E8D8546637D3B095DAD921B3 /* [CP] Check Pods Manifest.lock */,
				3FF3CCD6211F585F0032FD8D /* Sources */,
				3FF3CCD7211F585F0032FD8D /* Frameworks */,
				3FF3CCD8211F585F0032FD8D /* Resources */,
				9C46F960583468CF66F134F1 /* [CP] Embed Pods Frameworks */,
			);
			buildRules = (
			);
			dependencies = (
			);
			name = Dodge.io;
			productName = Dodge.io;
			productReference = 3FF3CCDA211F585F0032FD8D /* Dodge.io.app */;
			productType = "com.apple.product-type.application";
		};
/* End PBXNativeTarget section */

/* Begin PBXProject section */
		3FF3CCD2211F585F0032FD8D /* Project object */ = {
			isa = PBXProject;
			attributes = {
				LastSwiftUpdateCheck = 0940;
				LastUpgradeCheck = 0940;
				ORGANIZATIONNAME = "Project Steel";
				TargetAttributes = {
					3FF3CCD9211F585F0032FD8D = {
						CreatedOnToolsVersion = 9.4.1;
						LastSwiftMigration = 1020;
					};
				};
			};
			buildConfigurationList = 3FF3CCD5211F585F0032FD8D /* Build configuration list for PBXProject "Dodge.io" */;
			compatibilityVersion = "Xcode 9.3";
			developmentRegion = en;
			hasScannedForEncodings = 0;
			knownRegions = (
				en,
				Base,
			);
			mainGroup = 3FF3CCD1211F585F0032FD8D;
			productRefGroup = 3FF3CCDB211F585F0032FD8D /* Products */;
			projectDirPath = "";
			projectRoot = "";
			targets = (
				3FF3CCD9211F585F0032FD8D /* Dodge.io */,
			);
		};
/* End PBXProject section */

/* Begin PBXResourcesBuildPhase section */
		3FF3CCD8211F585F0032FD8D /* Resources */ = {
			isa = PBXResourcesBuildPhase;
			buildActionMask = 2147483647;
			files = (
				3FF3CCE9211F585F0032FD8D /* Main.storyboard in Resources */,
				3FF3CCE0211F585F0032FD8D /* GameScene.sks in Resources */,
				3FF3CCEB211F58610032FD8D /* Assets.xcassets in Resources */,
				3FF3CCEE211F58610032FD8D /* LaunchScreen.storyboard in Resources */,
				3FF3CCF8211F59750032FD8D /* GoogleService-Info.plist in Resources */,
			);
			runOnlyForDeploymentPostprocessing = 0;
		};
/* End PBXResourcesBuildPhase section */

/* Begin PBXShellScriptBuildPhase section */
		9C46F960583468CF66F134F1 /* [CP] Embed Pods Frameworks */ = {
			isa = PBXShellScriptBuildPhase;
			buildActionMask = 2147483647;
			files = (
			);
			inputPaths = (
				"${SRCROOT}/Pods/Target Support Files/Pods-Dodge.io/Pods-Dodge.io-frameworks.sh",
				"${BUILT_PRODUCTS_DIR}/GoogleToolboxForMac/GoogleToolboxForMac.framework",
				"${BUILT_PRODUCTS_DIR}/nanopb/nanopb.framework",
			);
			name = "[CP] Embed Pods Frameworks";
			outputPaths = (
				"${TARGET_BUILD_DIR}/${FRAMEWORKS_FOLDER_PATH}/GoogleToolboxForMac.framework",
				"${TARGET_BUILD_DIR}/${FRAMEWORKS_FOLDER_PATH}/nanopb.framework",
			);
			runOnlyForDeploymentPostprocessing = 0;
			shellPath = /bin/sh;
			shellScript = "\"${SRCROOT}/Pods/Target Support Files/Pods-Dodge.io/Pods-Dodge.io-frameworks.sh\"\n";
			showEnvVarsInLog = 0;
		};
		E8D8546637D3B095DAD921B3 /* [CP] Check Pods Manifest.lock */ = {
			isa = PBXShellScriptBuildPhase;
			buildActionMask = 2147483647;
			files = (
			);
			inputPaths = (
				"${PODS_PODFILE_DIR_PATH}/Podfile.lock",
				"${PODS_ROOT}/Manifest.lock",
			);
			name = "[CP] Check Pods Manifest.lock";
			outputPaths = (
				"$(DERIVED_FILE_DIR)/Pods-Dodge.io-checkManifestLockResult.txt",
			);
			runOnlyForDeploymentPostprocessing = 0;
			shellPath = /bin/sh;
			shellScript = "diff \"${PODS_PODFILE_DIR_PATH}/Podfile.lock\" \"${PODS_ROOT}/Manifest.lock\" > /dev/null\nif [ $? != 0 ] ; then\n    # print error to STDERR\n    echo \"error: The sandbox is not in sync with the Podfile.lock. Run 'pod install' or update your CocoaPods installation.\" >&2\n    exit 1\nfi\n# This output is used by Xcode 'outputs' to avoid re-running this script phase.\necho \"SUCCESS\" > \"${SCRIPT_OUTPUT_FILE_0}\"\n";
			showEnvVarsInLog = 0;
		};
/* End PBXShellScriptBuildPhase section */

/* Begin PBXSourcesBuildPhase section */
		3FF3CCD6211F585F0032FD8D /* Sources */ = {
			isa = PBXSourcesBuildPhase;
			buildActionMask = 2147483647;
			files = (
				3FF3CCE4211F585F0032FD8D /* GameScene.swift in Sources */,
				3F95BBE221D6FDD300E70141 /* Global Elements.swift in Sources */,
				3FF3CCE6211F585F0032FD8D /* GameViewController.swift in Sources */,
				3FF3CCDE211F585F0032FD8D /* AppDelegate.swift in Sources */,
			);
			runOnlyForDeploymentPostprocessing = 0;
		};
/* End PBXSourcesBuildPhase section */

/* Begin PBXVariantGroup section */
		3FF3CCE7211F585F0032FD8D /* Main.storyboard */ = {
			isa = PBXVariantGroup;
			children = (
				3FF3CCE8211F585F0032FD8D /* Base */,
			);
			name = Main.storyboard;
			sourceTree = "<group>";
		};
		3FF3CCEC211F58610032FD8D /* LaunchScreen.storyboard */ = {
			isa = PBXVariantGroup;
			children = (
				3FF3CCED211F58610032FD8D /* Base */,
			);
			name = LaunchScreen.storyboard;
			sourceTree = "<group>";
		};
/* End PBXVariantGroup section */

/* Begin XCBuildConfiguration section */
		3FF3CCF0211F58610032FD8D /* Debug */ = {
			isa = XCBuildConfiguration;
			buildSettings = {
				ALWAYS_SEARCH_USER_PATHS = NO;
				CLANG_ANALYZER_NONNULL = YES;
				CLANG_ANALYZER_NUMBER_OBJECT_CONVERSION = YES_AGGRESSIVE;
				CLANG_CXX_LANGUAGE_STANDARD = "gnu++14";
				CLANG_CXX_LIBRARY = "libc++";
				CLANG_ENABLE_MODULES = YES;
				CLANG_ENABLE_OBJC_ARC = YES;
				CLANG_ENABLE_OBJC_WEAK = YES;
				CLANG_WARN_BLOCK_CAPTURE_AUTORELEASING = YES;
				CLANG_WARN_BOOL_CONVERSION = YES;
				CLANG_WARN_COMMA = YES;
				CLANG_WARN_CONSTANT_CONVERSION = YES;
				CLANG_WARN_DEPRECATED_OBJC_IMPLEMENTATIONS = YES;
				CLANG_WARN_DIRECT_OBJC_ISA_USAGE = YES_ERROR;
				CLANG_WARN_DOCUMENTATION_COMMENTS = YES;
				CLANG_WARN_EMPTY_BODY = YES;
				CLANG_WARN_ENUM_CONVERSION = YES;
				CLANG_WARN_INFINITE_RECURSION = YES;
				CLANG_WARN_INT_CONVERSION = YES;
				CLANG_WARN_NON_LITERAL_NULL_CONVERSION = YES;
				CLANG_WARN_OBJC_IMPLICIT_RETAIN_SELF = YES;
				CLANG_WARN_OBJC_LITERAL_CONVERSION = YES;
				CLANG_WARN_OBJC_ROOT_CLASS = YES_ERROR;
				CLANG_WARN_RANGE_LOOP_ANALYSIS = YES;
				CLANG_WARN_STRICT_PROTOTYPES = YES;
				CLANG_WARN_SUSPICIOUS_MOVE = YES;
				CLANG_WARN_UNGUARDED_AVAILABILITY = YES_AGGRESSIVE;
				CLANG_WARN_UNREACHABLE_CODE = YES;
				CLANG_WARN__DUPLICATE_METHOD_MATCH = YES;
				CODE_SIGN_IDENTITY = "iPhone Developer";
				COPY_PHASE_STRIP = NO;
				DEBUG_INFORMATION_FORMAT = dwarf;
				ENABLE_STRICT_OBJC_MSGSEND = YES;
				ENABLE_TESTABILITY = YES;
				GCC_C_LANGUAGE_STANDARD = gnu11;
				GCC_DYNAMIC_NO_PIC = NO;
				GCC_NO_COMMON_BLOCKS = YES;
				GCC_OPTIMIZATION_LEVEL = 0;
				GCC_PREPROCESSOR_DEFINITIONS = (
					"DEBUG=1",
					"$(inherited)",
				);
				GCC_WARN_64_TO_32_BIT_CONVERSION = YES;
				GCC_WARN_ABOUT_RETURN_TYPE = YES_ERROR;
				GCC_WARN_UNDECLARED_SELECTOR = YES;
				GCC_WARN_UNINITIALIZED_AUTOS = YES_AGGRESSIVE;
				GCC_WARN_UNUSED_FUNCTION = YES;
				GCC_WARN_UNUSED_VARIABLE = YES;
				IPHONEOS_DEPLOYMENT_TARGET = 11.4;
				MTL_ENABLE_DEBUG_INFO = YES;
				ONLY_ACTIVE_ARCH = YES;
				SDKROOT = iphoneos;
				SWIFT_ACTIVE_COMPILATION_CONDITIONS = DEBUG;
				SWIFT_OPTIMIZATION_LEVEL = "-Onone";
			};
			name = Debug;
		};
		3FF3CCF1211F58610032FD8D /* Release */ = {
			isa = XCBuildConfiguration;
			buildSettings = {
				ALWAYS_SEARCH_USER_PATHS = NO;
				CLANG_ANALYZER_NONNULL = YES;
				CLANG_ANALYZER_NUMBER_OBJECT_CONVERSION = YES_AGGRESSIVE;
				CLANG_CXX_LANGUAGE_STANDARD = "gnu++14";
				CLANG_CXX_LIBRARY = "libc++";
				CLANG_ENABLE_MODULES = YES;
				CLANG_ENABLE_OBJC_ARC = YES;
				CLANG_ENABLE_OBJC_WEAK = YES;
				CLANG_WARN_BLOCK_CAPTURE_AUTORELEASING = YES;
				CLANG_WARN_BOOL_CONVERSION = YES;
				CLANG_WARN_COMMA = YES;
				CLANG_WARN_CONSTANT_CONVERSION = YES;
				CLANG_WARN_DEPRECATED_OBJC_IMPLEMENTATIONS = YES;
				CLANG_WARN_DIRECT_OBJC_ISA_USAGE = YES_ERROR;
				CLANG_WARN_DOCUMENTATION_COMMENTS = YES;
				CLANG_WARN_EMPTY_BODY = YES;
				CLANG_WARN_ENUM_CONVERSION = YES;
				CLANG_WARN_INFINITE_RECURSION = YES;
				CLANG_WARN_INT_CONVERSION = YES;
				CLANG_WARN_NON_LITERAL_NULL_CONVERSION = YES;
				CLANG_WARN_OBJC_IMPLICIT_RETAIN_SELF = YES;
				CLANG_WARN_OBJC_LITERAL_CONVERSION = YES;
				CLANG_WARN_OBJC_ROOT_CLASS = YES_ERROR;
				CLANG_WARN_RANGE_LOOP_ANALYSIS = YES;
				CLANG_WARN_STRICT_PROTOTYPES = YES;
				CLANG_WARN_SUSPICIOUS_MOVE = YES;
				CLANG_WARN_UNGUARDED_AVAILABILITY = YES_AGGRESSIVE;
				CLANG_WARN_UNREACHABLE_CODE = YES;
				CLANG_WARN__DUPLICATE_METHOD_MATCH = YES;
				CODE_SIGN_IDENTITY = "iPhone Developer";
				COPY_PHASE_STRIP = NO;
				DEBUG_INFORMATION_FORMAT = "dwarf-with-dsym";
				ENABLE_NS_ASSERTIONS = NO;
				ENABLE_STRICT_OBJC_MSGSEND = YES;
				GCC_C_LANGUAGE_STANDARD = gnu11;
				GCC_NO_COMMON_BLOCKS = YES;
				GCC_WARN_64_TO_32_BIT_CONVERSION = YES;
				GCC_WARN_ABOUT_RETURN_TYPE = YES_ERROR;
				GCC_WARN_UNDECLARED_SELECTOR = YES;
				GCC_WARN_UNINITIALIZED_AUTOS = YES_AGGRESSIVE;
				GCC_WARN_UNUSED_FUNCTION = YES;
				GCC_WARN_UNUSED_VARIABLE = YES;
				IPHONEOS_DEPLOYMENT_TARGET = 11.4;
				MTL_ENABLE_DEBUG_INFO = NO;
				SDKROOT = iphoneos;
				SWIFT_COMPILATION_MODE = wholemodule;
				SWIFT_OPTIMIZATION_LEVEL = "-O";
				VALIDATE_PRODUCT = YES;
			};
			name = Release;
		};
		3FF3CCF3211F58610032FD8D /* Debug */ = {
			isa = XCBuildConfiguration;
			baseConfigurationReference = 229B84B93296A52EF005BD6D /* Pods-Dodge.io.debug.xcconfig */;
			buildSettings = {
				ASSETCATALOG_COMPILER_APPICON_NAME = AppIcon;
				CODE_SIGN_STYLE = Automatic;
				DEVELOPMENT_TEAM = 22N24BF9J6;
				INFOPLIST_FILE = Dodge.io/Info.plist;
				IPHONEOS_DEPLOYMENT_TARGET = 11.0;
				LD_RUNPATH_SEARCH_PATHS = (
					"$(inherited)",
					"@executable_path/Frameworks",
				);
				PRODUCT_BUNDLE_IDENTIFIER = "org.ProjectSteel.Dodge-io";
				PRODUCT_NAME = "$(TARGET_NAME)";
				SWIFT_VERSION = 5.0;
				TARGETED_DEVICE_FAMILY = 1;
			};
			name = Debug;
		};
		3FF3CCF4211F58610032FD8D /* Release */ = {
			isa = XCBuildConfiguration;
			baseConfigurationReference = A83DC314DF02A02F854E7EC1 /* Pods-Dodge.io.release.xcconfig */;
			buildSettings = {
				ASSETCATALOG_COMPILER_APPICON_NAME = AppIcon;
				CODE_SIGN_STYLE = Automatic;
				DEVELOPMENT_TEAM = 22N24BF9J6;
				INFOPLIST_FILE = Dodge.io/Info.plist;
				IPHONEOS_DEPLOYMENT_TARGET = 11.0;
				LD_RUNPATH_SEARCH_PATHS = (
					"$(inherited)",
					"@executable_path/Frameworks",
				);
				PRODUCT_BUNDLE_IDENTIFIER = "org.ProjectSteel.Dodge-io";
				PRODUCT_NAME = "$(TARGET_NAME)";
				SWIFT_VERSION = 5.0;
				TARGETED_DEVICE_FAMILY = 1;
			};
			name = Release;
		};
/* End XCBuildConfiguration section */

/* Begin XCConfigurationList section */
		3FF3CCD5211F585F0032FD8D /* Build configuration list for PBXProject "Dodge.io" */ = {
			isa = XCConfigurationList;
			buildConfigurations = (
				3FF3CCF0211F58610032FD8D /* Debug */,
				3FF3CCF1211F58610032FD8D /* Release */,
			);
			defaultConfigurationIsVisible = 0;
			defaultConfigurationName = Release;
		};
		3FF3CCF2211F58610032FD8D /* Build configuration list for PBXNativeTarget "Dodge.io" */ = {
			isa = XCConfigurationList;
			buildConfigurations = (
				3FF3CCF3211F58610032FD8D /* Debug */,
				3FF3CCF4211F58610032FD8D /* Release */,
			);
			defaultConfigurationIsVisible = 0;
			defaultConfigurationName = Release;
		};
/* End XCConfigurationList section */
	};
	rootObject = 3FF3CCD2211F585F0032FD8D /* Project object */;
}
